
Microsoft Visual Studio Solution File, Format Version 12.00
Project("{FAE04EC0-301F-11D3-BF4B-00C04F79EFBC}") = "Linq", "Linq\Linq.csproj", "{E1C9C893-600C-45C7-B15C-66AA9054290E}"
EndProject
Project("{FAE04EC0-301F-11D3-BF4B-00C04F79EFBC}") = "LinqDemos", "LinqDemos\LinqDemos.csproj", "{5003E9C7-AF90-40CD-8077-770A7A6FF9F6}"
EndProject
Project("{FAE04EC0-301F-11D3-BF4B-00C04F79EFBC}") = "SelectAndSelectMany", "SelectAndSelectMany\SelectAndSelectMany.csproj", "{F27B0905-08F0-4549-8D07-8D4724315B2A}"
EndProject
Project("{FAE04EC0-301F-11D3-BF4B-00C04F79EFBC}") = "FilteringData", "FilteringData\FilteringData.csproj", "{97138E2D-44B1-4592-9312-2814654C0B3C}"
EndProject
Project("{FAE04EC0-301F-11D3-BF4B-00C04F79EFBC}") = "MyExtensionLibrary", "MyExtensionLibrary\MyExtensionLibrary.csproj", "{9DF753D0-C968-4B34-898C-BED7B3D0272F}"
EndProject
Project("{FAE04EC0-301F-11D3-BF4B-00C04F79EFBC}") = "SortingData", "SortingData\SortingData.csproj", "{9F660CCB-641A-4D09-93DA-928B569A42C7}"
EndProject
Project("{FAE04EC0-301F-11D3-BF4B-00C04F79EFBC}") = "GroupingData", "GroupingData\GroupingData.csproj", "{2162EEAD-36E6-477A-8B5B-1DFD5B9AB2E4}"
EndProject
Project("{FAE04EC0-301F-11D3-BF4B-00C04F79EFBC}") = "SetOperations", "SetOperations\SetOperations.csproj", "{7C393CD2-989C-4BCB-BDD4-21603E5F2A9C}"
EndProject
Project("{FAE04EC0-301F-11D3-BF4B-00C04F79EFBC}") = "QuantifierOperations", "QuantifierOperations\QuantifierOperations.csproj", "{9ADCB86A-FF62-4CE5-8AB1-2413213B8621}"
EndProject
Project("{FAE04EC0-301F-11D3-BF4B-00C04F79EFBC}") = "PartitioningData", "PartitioningData\PartitioningData.csproj", "{28828AA4-EF07-414A-84E6-6D820EAC52DA}"
EndProject
Project("{FAE04EC0-301F-11D3-BF4B-00C04F79EFBC}") = "JoinOperations", "JoinOperations\JoinOperations.csproj", "{5BD72A89-10AC-41F4-8D25-2DA2E5234C15}"
EndProject
Project("{FAE04EC0-301F-11D3-BF4B-00C04F79EFBC}") = "EqualityOperators", "EqualityOperators\EqualityOperators.csproj", "{DDF409F6-CA65-48B7-A24E-6FDA7F3E9F1F}"
EndProject
Global
	GlobalSection(SolutionConfigurationPlatforms) = preSolution
		Debug|Any CPU = Debug|Any CPU
		Release|Any CPU = Release|Any CPU
	EndGlobalSection
	GlobalSection(ProjectConfigurationPlatforms) = postSolution
		{E1C9C893-600C-45C7-B15C-66AA9054290E}.Debug|Any CPU.ActiveCfg = Debug|Any CPU
		{E1C9C893-600C-45C7-B15C-66AA9054290E}.Debug|Any CPU.Build.0 = Debug|Any CPU
		{E1C9C893-600C-45C7-B15C-66AA9054290E}.Release|Any CPU.ActiveCfg = Release|Any CPU
		{E1C9C893-600C-45C7-B15C-66AA9054290E}.Release|Any CPU.Build.0 = Release|Any CPU
		{5003E9C7-AF90-40CD-8077-770A7A6FF9F6}.Debug|Any CPU.ActiveCfg = Debug|Any CPU
		{5003E9C7-AF90-40CD-8077-770A7A6FF9F6}.Debug|Any CPU.Build.0 = Debug|Any CPU
		{5003E9C7-AF90-40CD-8077-770A7A6FF9F6}.Release|Any CPU.ActiveCfg = Release|Any CPU
		{5003E9C7-AF90-40CD-8077-770A7A6FF9F6}.Release|Any CPU.Build.0 = Release|Any CPU
		{F27B0905-08F0-4549-8D07-8D4724315B2A}.Debug|Any CPU.ActiveCfg = Debug|Any CPU
		{F27B0905-08F0-4549-8D07-8D4724315B2A}.Debug|Any CPU.Build.0 = Debug|Any CPU
		{F27B0905-08F0-4549-8D07-8D4724315B2A}.Release|Any CPU.ActiveCfg = Release|Any CPU
		{F27B0905-08F0-4549-8D07-8D4724315B2A}.Release|Any CPU.Build.0 = Release|Any CPU
		{97138E2D-44B1-4592-9312-2814654C0B3C}.Debug|Any CPU.ActiveCfg = Debug|Any CPU
		{97138E2D-44B1-4592-9312-2814654C0B3C}.Debug|Any CPU.Build.0 = Debug|Any CPU
		{97138E2D-44B1-4592-9312-2814654C0B3C}.Release|Any CPU.ActiveCfg = Release|Any CPU
		{97138E2D-44B1-4592-9312-2814654C0B3C}.Release|Any CPU.Build.0 = Release|Any CPU
		{9DF753D0-C968-4B34-898C-BED7B3D0272F}.Debug|Any CPU.ActiveCfg = Debug|Any CPU
		{9DF753D0-C968-4B34-898C-BED7B3D0272F}.Debug|Any CPU.Build.0 = Debug|Any CPU
		{9DF753D0-C968-4B34-898C-BED7B3D0272F}.Release|Any CPU.ActiveCfg = Release|Any CPU
		{9DF753D0-C968-4B34-898C-BED7B3D0272F}.Release|Any CPU.Build.0 = Release|Any CPU
		{9F660CCB-641A-4D09-93DA-928B569A42C7}.Debug|Any CPU.ActiveCfg = Debug|Any CPU
		{9F660CCB-641A-4D09-93DA-928B569A42C7}.Debug|Any CPU.Build.0 = Debug|Any CPU
		{9F660CCB-641A-4D09-93DA-928B569A42C7}.Release|Any CPU.ActiveCfg = Release|Any CPU
		{9F660CCB-641A-4D09-93DA-928B569A42C7}.Release|Any CPU.Build.0 = Release|Any CPU
		{2162EEAD-36E6-477A-8B5B-1DFD5B9AB2E4}.Debug|Any CPU.ActiveCfg = Debug|Any CPU
		{2162EEAD-36E6-477A-8B5B-1DFD5B9AB2E4}.Debug|Any CPU.Build.0 = Debug|Any CPU
		{2162EEAD-36E6-477A-8B5B-1DFD5B9AB2E4}.Release|Any CPU.ActiveCfg = Release|Any CPU
		{2162EEAD-36E6-477A-8B5B-1DFD5B9AB2E4}.Release|Any CPU.Build.0 = Release|Any CPU
		{7C393CD2-989C-4BCB-BDD4-21603E5F2A9C}.Debug|Any CPU.ActiveCfg = Debug|Any CPU
		{7C393CD2-989C-4BCB-BDD4-21603E5F2A9C}.Debug|Any CPU.Build.0 = Debug|Any CPU
		{7C393CD2-989C-4BCB-BDD4-21603E5F2A9C}.Release|Any CPU.ActiveCfg = Release|Any CPU
		{7C393CD2-989C-4BCB-BDD4-21603E5F2A9C}.Release|Any CPU.Build.0 = Release|Any CPU
		{9ADCB86A-FF62-4CE5-8AB1-2413213B8621}.Debug|Any CPU.ActiveCfg = Debug|Any CPU
		{9ADCB86A-FF62-4CE5-8AB1-2413213B8621}.Debug|Any CPU.Build.0 = Debug|Any CPU
		{9ADCB86A-FF62-4CE5-8AB1-2413213B8621}.Release|Any CPU.ActiveCfg = Release|Any CPU
		{9ADCB86A-FF62-4CE5-8AB1-2413213B8621}.Release|Any CPU.Build.0 = Release|Any CPU
		{28828AA4-EF07-414A-84E6-6D820EAC52DA}.Debug|Any CPU.ActiveCfg = Debug|Any CPU
		{28828AA4-EF07-414A-84E6-6D820EAC52DA}.Debug|Any CPU.Build.0 = Debug|Any CPU
		{28828AA4-EF07-414A-84E6-6D820EAC52DA}.Release|Any CPU.ActiveCfg = Release|Any CPU
		{28828AA4-EF07-414A-84E6-6D820EAC52DA}.Release|Any CPU.Build.0 = Release|Any CPU
		{5BD72A89-10AC-41F4-8D25-2DA2E5234C15}.Debug|Any CPU.ActiveCfg = Debug|Any CPU
		{5BD72A89-10AC-41F4-8D25-2DA2E5234C15}.Debug|Any CPU.Build.0 = Debug|Any CPU
		{5BD72A89-10AC-41F4-8D25-2DA2E5234C15}.Release|Any CPU.ActiveCfg = Release|Any CPU
		{5BD72A89-10AC-41F4-8D25-2DA2E5234C15}.Release|Any CPU.Build.0 = Release|Any CPU
		{DDF409F6-CA65-48B7-A24E-6FDA7F3E9F1F}.Debug|Any CPU.ActiveCfg = Debug|Any CPU
		{DDF409F6-CA65-48B7-A24E-6FDA7F3E9F1F}.Debug|Any CPU.Build.0 = Debug|Any CPU
		{DDF409F6-CA65-48B7-A24E-6FDA7F3E9F1F}.Release|Any CPU.ActiveCfg = Release|Any CPU
		{DDF409F6-CA65-48B7-A24E-6FDA7F3E9F1F}.Release|Any CPU.Build.0 = Release|Any CPU
	EndGlobalSection
EndGlobal
